
Microsoft Visual Studio Solution File, Format Version 12.00
# Visual Studio 15
VisualStudioVersion = 15.0.26730.16
MinimumVisualStudioVersion = 10.0.40219.1
Project("{FAE04EC0-301F-11D3-BF4B-00C04F79EFBC}") = "Access.Tests", "Access.Tests\Access.Tests.csproj", "{E1EF472B-0122-4719-B695-EBCFE965E608}"
	ProjectSection(ProjectDependencies) = postProject
		{22650825-A259-4AAF-A9C2-1745F024A766} = {22650825-A259-4AAF-A9C2-1745F024A766}
		{20774452-9048-4783-AC14-44F2705A9942} = {20774452-9048-4783-AC14-44F2705A9942}
		{137FE69E-A27F-4AAA-B7C3-F099070531AC} = {137FE69E-A27F-4AAA-B7C3-F099070531AC}
	EndProjectSection
EndProject
Project("{FAE04EC0-301F-11D3-BF4B-00C04F79EFBC}") = "Access.Web", "Access.Web\Access.Web.csproj", "{253425E4-406A-4A60-A460-8CD8BC1A0253}"
EndProject
Project("{FAE04EC0-301F-11D3-BF4B-00C04F79EFBC}") = "Access.Data", "Access.Data\Access.Data.csproj", "{137FE69E-A27F-4AAA-B7C3-F099070531AC}"
EndProject
Project("{FAE04EC0-301F-11D3-BF4B-00C04F79EFBC}") = "Access.Core", "Access.Core\Access.Core.csproj", "{20774452-9048-4783-AC14-44F2705A9942}"
EndProject
Project("{FAE04EC0-301F-11D3-BF4B-00C04F79EFBC}") = "Access.API", "Access.API\Access.API.csproj", "{22650825-A259-4AAF-A9C2-1745F024A766}"
EndProject
Global
	GlobalSection(SolutionConfigurationPlatforms) = preSolution
		Debug|Any CPU = Debug|Any CPU
		Release|Any CPU = Release|Any CPU
	EndGlobalSection
	GlobalSection(ProjectConfigurationPlatforms) = postSolution
		{E1EF472B-0122-4719-B695-EBCFE965E608}.Debug|Any CPU.ActiveCfg = Debug|Any CPU
		{E1EF472B-0122-4719-B695-EBCFE965E608}.Debug|Any CPU.Build.0 = Debug|Any CPU
		{E1EF472B-0122-4719-B695-EBCFE965E608}.Release|Any CPU.ActiveCfg = Release|Any CPU
		{E1EF472B-0122-4719-B695-EBCFE965E608}.Release|Any CPU.Build.0 = Release|Any CPU
		{253425E4-406A-4A60-A460-8CD8BC1A0253}.Debug|Any CPU.ActiveCfg = Debug|Any CPU
		{253425E4-406A-4A60-A460-8CD8BC1A0253}.Debug|Any CPU.Build.0 = Debug|Any CPU
		{253425E4-406A-4A60-A460-8CD8BC1A0253}.Release|Any CPU.ActiveCfg = Release|Any CPU
		{253425E4-406A-4A60-A460-8CD8BC1A0253}.Release|Any CPU.Build.0 = Release|Any CPU
		{137FE69E-A27F-4AAA-B7C3-F099070531AC}.Debug|Any CPU.ActiveCfg = Debug|Any CPU
		{137FE69E-A27F-4AAA-B7C3-F099070531AC}.Debug|Any CPU.Build.0 = Debug|Any CPU
		{137FE69E-A27F-4AAA-B7C3-F099070531AC}.Release|Any CPU.ActiveCfg = Release|Any CPU
		{137FE69E-A27F-4AAA-B7C3-F099070531AC}.Release|Any CPU.Build.0 = Release|Any CPU
		{20774452-9048-4783-AC14-44F2705A9942}.Debug|Any CPU.ActiveCfg = Debug|Any CPU
		{20774452-9048-4783-AC14-44F2705A9942}.Debug|Any CPU.Build.0 = Debug|Any CPU
		{20774452-9048-4783-AC14-44F2705A9942}.Release|Any CPU.ActiveCfg = Release|Any CPU
		{20774452-9048-4783-AC14-44F2705A9942}.Release|Any CPU.Build.0 = Release|Any CPU
		{22650825-A259-4AAF-A9C2-1745F024A766}.Debug|Any CPU.ActiveCfg = Debug|Any CPU
		{22650825-A259-4AAF-A9C2-1745F024A766}.Debug|Any CPU.Build.0 = Debug|Any CPU
		{22650825-A259-4AAF-A9C2-1745F024A766}.Release|Any CPU.ActiveCfg = Release|Any CPU
		{22650825-A259-4AAF-A9C2-1745F024A766}.Release|Any CPU.Build.0 = Release|Any CPU
	EndGlobalSection
	GlobalSection(SolutionProperties) = preSolution
		HideSolutionNode = FALSE
	EndGlobalSection
	GlobalSection(ExtensibilityGlobals) = postSolution
		SolutionGuid = {F357C1B5-98DF-4F61-B916-6930FF8E1839}
	EndGlobalSection
EndGlobal
